Microsoft Visual Studio Solution File, Format Version 12.00
# Visual Studio Version 17
VisualStudioVersion = 17.5.2.0
MinimumVisualStudioVersion = 10.0.40219.1
Project("{FAE04EC0-301F-11D3-BF4B-00C04F79EFBC}") = "SWE2209842Asg", "SWE2209842Asg.csproj", "{CEB20B92-717B-3237-0C12-DE88D82C4B1B}"
EndProject
Global
	GlobalSection(SolutionConfigurationPlatforms) = preSolution
		Debug|Any CPU = Debug|Any CPU
		Release|Any CPU = Release|Any CPU
	EndGlobalSection
	GlobalSection(ProjectConfigurationPlatforms) = postSolution
		{CEB20B92-717B-3237-0C12-DE88D82C4B1B}.Debug|Any CPU.ActiveCfg = Debug|Any CPU
		{CEB20B92-717B-3237-0C12-DE88D82C4B1B}.Debug|Any CPU.Build.0 = Debug|Any CPU
		{CEB20B92-717B-3237-0C12-DE88D82C4B1B}.Release|Any CPU.ActiveCfg = Release|Any CPU
		{CEB20B92-717B-3237-0C12-DE88D82C4B1B}.Release|Any CPU.Build.0 = Release|Any CPU
	EndGlobalSection
	GlobalSection(SolutionProperties) = preSolution
		HideSolutionNode = FALSE
	EndGlobalSection
	GlobalSection(ExtensibilityGlobals) = postSolution
		SolutionGuid = {284402E9-FB29-4FE5-B27B-605EB02EE471}
	EndGlobalSection
EndGlobal
